
Microsoft Visual Studio Solution File, Format Version 12.00
# Visual Studio Version 16
VisualStudioVersion = 16.0.31205.134
MinimumVisualStudioVersion = 10.0.40219.1
Project("{FAE04EC0-301F-11D3-BF4B-00C04F79EFBC}") = "cvstojson", "cvstojson\cvstojson.csproj", "{DBD6DF64-400E-431C-99A8-45F8404C5E94}"
EndProject
Global
	GlobalSection(SolutionConfigurationPlatforms) = preSolution
		Debug|Any CPU = Debug|Any CPU
		Release|Any CPU = Release|Any CPU
	EndGlobalSection
	GlobalSection(ProjectConfigurationPlatforms) = postSolution
		{DBD6DF64-400E-431C-99A8-45F8404C5E94}.Debug|Any CPU.ActiveCfg = Debug|Any CPU
		{DBD6DF64-400E-431C-99A8-45F8404C5E94}.Debug|Any CPU.Build.0 = Debug|Any CPU
		{DBD6DF64-400E-431C-99A8-45F8404C5E94}.Release|Any CPU.ActiveCfg = Release|Any CPU
		{DBD6DF64-400E-431C-99A8-45F8404C5E94}.Release|Any CPU.Build.0 = Release|Any CPU
	EndGlobalSection
	GlobalSection(SolutionProperties) = preSolution
		HideSolutionNode = FALSE
	EndGlobalSection
	GlobalSection(ExtensibilityGlobals) = postSolution
		SolutionGuid = {EB23E799-40E7-4DCB-83B4-26611F7B2596}
	EndGlobalSection
EndGlobal
